
Microsoft Visual Studio Solution File, Format Version 12.00
# Visual Studio 15
VisualStudioVersion = 15.0.26430.6
MinimumVisualStudioVersion = 10.0.40219.1
Project("{FAE04EC0-301F-11D3-BF4B-00C04F79EFBC}") = "BasicsCSS", "BasicsCSS\BasicsCSS.csproj", "{F7906525-9874-4023-81A0-D570A6A985AF}"
EndProject
Project("{FAE04EC0-301F-11D3-BF4B-00C04F79EFBC}") = "BasicsLess", "BasicsLess\BasicsLess.csproj", "{4D8735C1-895B-4698-8D65-88C0024294D5}"
EndProject
Project("{FAE04EC0-301F-11D3-BF4B-00C04F79EFBC}") = "BasicsSSAS", "BasicsSSAS\BasicsSSAS.csproj", "{F3E0BE0F-A35F-4483-A0B1-E1D434505D49}"
EndProject
Project("{FAE04EC0-301F-11D3-BF4B-00C04F79EFBC}") = "TechTalkLESS", "TechTalkLESS\TechTalkLESS.csproj", "{D488E589-516C-412C-ADA7-0E236AE996CD}"
EndProject
Global
	GlobalSection(SolutionConfigurationPlatforms) = preSolution
		Debug|Any CPU = Debug|Any CPU
		Release|Any CPU = Release|Any CPU
	EndGlobalSection
	GlobalSection(ProjectConfigurationPlatforms) = postSolution
		{F7906525-9874-4023-81A0-D570A6A985AF}.Debug|Any CPU.ActiveCfg = Debug|Any CPU
		{F7906525-9874-4023-81A0-D570A6A985AF}.Debug|Any CPU.Build.0 = Debug|Any CPU
		{F7906525-9874-4023-81A0-D570A6A985AF}.Release|Any CPU.ActiveCfg = Release|Any CPU
		{F7906525-9874-4023-81A0-D570A6A985AF}.Release|Any CPU.Build.0 = Release|Any CPU
		{4D8735C1-895B-4698-8D65-88C0024294D5}.Debug|Any CPU.ActiveCfg = Debug|Any CPU
		{4D8735C1-895B-4698-8D65-88C0024294D5}.Debug|Any CPU.Build.0 = Debug|Any CPU
		{4D8735C1-895B-4698-8D65-88C0024294D5}.Release|Any CPU.ActiveCfg = Release|Any CPU
		{4D8735C1-895B-4698-8D65-88C0024294D5}.Release|Any CPU.Build.0 = Release|Any CPU
		{F3E0BE0F-A35F-4483-A0B1-E1D434505D49}.Debug|Any CPU.ActiveCfg = Debug|Any CPU
		{F3E0BE0F-A35F-4483-A0B1-E1D434505D49}.Debug|Any CPU.Build.0 = Debug|Any CPU
		{F3E0BE0F-A35F-4483-A0B1-E1D434505D49}.Release|Any CPU.ActiveCfg = Release|Any CPU
		{F3E0BE0F-A35F-4483-A0B1-E1D434505D49}.Release|Any CPU.Build.0 = Release|Any CPU
		{D488E589-516C-412C-ADA7-0E236AE996CD}.Debug|Any CPU.ActiveCfg = Debug|Any CPU
		{D488E589-516C-412C-ADA7-0E236AE996CD}.Debug|Any CPU.Build.0 = Debug|Any CPU
		{D488E589-516C-412C-ADA7-0E236AE996CD}.Release|Any CPU.ActiveCfg = Release|Any CPU
		{D488E589-516C-412C-ADA7-0E236AE996CD}.Release|Any CPU.Build.0 = Release|Any CPU
	EndGlobalSection
	GlobalSection(SolutionProperties) = preSolution
		HideSolutionNode = FALSE
	EndGlobalSection
EndGlobal
